PODS:
  - GBigbang (0.0.1)
  - GMenuController (0.0.5)
  - YYAsyncLayer (1.0)

DEPENDENCIES:
  - GBigbang
  - GMenuController
  - YYAsyncLayer

SPEC CHECKSUMS:
  GBigbang: 1b89811891ec0f84b1def9ca031fa5baffcfc4f0
  GMenuController: 086d7e017537e7f4440b57d510a08f5f362d2731
  YYAsyncLayer: df6b01ebc695c5f6b4c15dd5c23fa3e081eb25c0

PODFILE CHECKSUM: b8e2c421cf398ce3825533aaf48074aeb9911975

COCOAPODS: 1.2.1.beta.1
