// !$*UTF8*$!
{
	archiveVersion = 1;
	classes = {
	};
	objectVersion = 46;
	objects = {

/* Begin PBXBuildFile section */
		2B58E56D1F61548F00505193 /* main.m in Sources */ = {isa = PBXBuildFile; fileRef = 2B58E56C1F61548F00505193 /* main.m */; };
		2B58E5701F61548F00505193 /* AppDelegate.m in Sources */ = {isa = PBXBuildFile; fileRef = 2B58E56F1F61548F00505193 /* AppDelegate.m */; };
		2B58E5731F61548F00505193 /* ViewController.m in Sources */ = {isa = PBXBuildFile; fileRef = 2B58E5721F61548F00505193 /* ViewController.m */; };
		2B58E5761F61548F00505193 /* Main.storyboard in Resources */ = {isa = PBXBuildFile; fileRef = 2B58E5741F61548F00505193 /* Main.storyboard */; };
		2B58E5781F61548F00505193 /* Assets.xcassets in Resources */ = {isa = PBXBuildFile; fileRef = 2B58E5771F61548F00505193 /* Assets.xcassets */; };
		2B58E57B1F61548F00505193 /* LaunchScreen.storyboard in Resources */ = {isa = PBXBuildFile; fileRef = 2B58E5791F61548F00505193 /* LaunchScreen.storyboard */; };
		2B58E5861F61548F00505193 /* GRichLabelExampleTests.m in Sources */ = {isa = PBXBuildFile; fileRef = 2B58E5851F61548F00505193 /* GRichLabelExampleTests.m */; };
		2B58E5911F61548F00505193 /* GRichLabelExampleUITests.m in Sources */ = {isa = PBXBuildFile; fileRef = 2B58E5901F61548F00505193 /* GRichLabelExampleUITests.m */; };
		2B58E5DD1F6157DA00505193 /* LabelViewController.m in Sources */ = {isa = PBXBuildFile; fileRef = 2B58E5DC1F6157DA00505193 /* LabelViewController.m */; };
		2B62BC791FB19E7800F611CC /* DemoTextMenuConfig.m in Sources */ = {isa = PBXBuildFile; fileRef = 2B62BC781FB19E7800F611CC /* DemoTextMenuConfig.m */; };
		2B6383C31F73E8F4001FF876 /* GAttributedStringFactory.h in Sources */ = {isa = PBXBuildFile; fileRef = 2B6383931F73E8DA001FF876 /* GAttributedStringFactory.h */; };
		2B6383C41F73E8F4001FF876 /* GAttributedStringFactory.m in Sources */ = {isa = PBXBuildFile; fileRef = 2B6383941F73E8DA001FF876 /* GAttributedStringFactory.m */; };
		2B6383C51F73E8F4001FF876 /* GAttributedConfiguration.h in Sources */ = {isa = PBXBuildFile; fileRef = 2B6383951F73E8DA001FF876 /* GAttributedConfiguration.h */; };
		2B6383C61F73E8F4001FF876 /* GAttributedConfiguration.m in Sources */ = {isa = PBXBuildFile; fileRef = 2B6383961F73E8DA001FF876 /* GAttributedConfiguration.m */; };
		2B6383C71F73E8F4001FF876 /* GAttributedToken.h in Sources */ = {isa = PBXBuildFile; fileRef = 2B6383971F73E8DA001FF876 /* GAttributedToken.h */; };
		2B6383C81F73E8F4001FF876 /* GAttributedToken.m in Sources */ = {isa = PBXBuildFile; fileRef = 2B6383981F73E8DA001FF876 /* GAttributedToken.m */; };
		2B6383C91F73E8F4001FF876 /* GDrawTextBuilder.h in Sources */ = {isa = PBXBuildFile; fileRef = 2B6383991F73E8DA001FF876 /* GDrawTextBuilder.h */; };
		2B6383CA1F73E8F4001FF876 /* GDrawTextBuilder.m in Sources */ = {isa = PBXBuildFile; fileRef = 2B63839A1F73E8DA001FF876 /* GDrawTextBuilder.m */; };
		2B6383CB1F73E8F4001FF876 /* GEmojiConfigManager.h in Sources */ = {isa = PBXBuildFile; fileRef = 2B63839B1F73E8DA001FF876 /* GEmojiConfigManager.h */; };
		2B6383CC1F73E8F4001FF876 /* GEmojiConfigManager.m in Sources */ = {isa = PBXBuildFile; fileRef = 2B63839C1F73E8DA001FF876 /* GEmojiConfigManager.m */; };
		2B6383CD1F73E8F4001FF876 /* GTokenAppearance.h in Sources */ = {isa = PBXBuildFile; fileRef = 2B63839D1F73E8DA001FF876 /* GTokenAppearance.h */; };
		2B6383CE1F73E8F4001FF876 /* GTokenAppearance.m in Sources */ = {isa = PBXBuildFile; fileRef = 2B63839E1F73E8DA001FF876 /* GTokenAppearance.m */; };
		2B6383D11F73E8F4001FF876 /* GRichLabel.h in Sources */ = {isa = PBXBuildFile; fileRef = 2B6383A11F73E8DA001FF876 /* GRichLabel.h */; };
		2B6383D21F73E8F4001FF876 /* GRichLabel.m in Sources */ = {isa = PBXBuildFile; fileRef = 2B6383A21F73E8DA001FF876 /* GRichLabel.m */; };
		2B6383D31F73E8F4001FF876 /* GCursor.h in Sources */ = {isa = PBXBuildFile; fileRef = 2B6383A41F73E8DA001FF876 /* GCursor.h */; };
		2B6383D41F73E8F4001FF876 /* GCursor.m in Sources */ = {isa = PBXBuildFile; fileRef = 2B6383A51F73E8DA001FF876 /* GCursor.m */; };
		2B6383D51F73E8F4001FF876 /* GEmojiRunDelegate.h in Sources */ = {isa = PBXBuildFile; fileRef = 2B6383A61F73E8DA001FF876 /* GEmojiRunDelegate.h */; };
		2B6383D61F73E8F4001FF876 /* GEmojiRunDelegate.m in Sources */ = {isa = PBXBuildFile; fileRef = 2B6383A71F73E8DA001FF876 /* GEmojiRunDelegate.m */; };
		2B6383D71F73E8F4001FF876 /* GLineLayout.h in Sources */ = {isa = PBXBuildFile; fileRef = 2B6383A81F73E8DA001FF876 /* GLineLayout.h */; };
		2B6383D81F73E8F4001FF876 /* GLineLayout.m in Sources */ = {isa = PBXBuildFile; fileRef = 2B6383A91F73E8DA001FF876 /* GLineLayout.m */; };
		2B6383D91F73E8F4001FF876 /* GMagnifiter.h in Sources */ = {isa = PBXBuildFile; fileRef = 2B6383AA1F73E8DA001FF876 /* GMagnifiter.h */; };
		2B6383DA1F73E8F4001FF876 /* GMagnifiter.m in Sources */ = {isa = PBXBuildFile; fileRef = 2B6383AB1F73E8DA001FF876 /* GMagnifiter.m */; };
		2B6383DB1F73E8F4001FF876 /* GMagnifiterWindow.h in Sources */ = {isa = PBXBuildFile; fileRef = 2B6383AC1F73E8DA001FF876 /* GMagnifiterWindow.h */; };
		2B6383DC1F73E8F4001FF876 /* GMagnifiterWindow.m in Sources */ = {isa = PBXBuildFile; fileRef = 2B6383AD1F73E8DA001FF876 /* GMagnifiterWindow.m */; };
		2B6383DD1F73E8F4001FF876 /* GSelectionView.h in Sources */ = {isa = PBXBuildFile; fileRef = 2B6383AE1F73E8DA001FF876 /* GSelectionView.h */; };
		2B6383DE1F73E8F4001FF876 /* GSelectionView.m in Sources */ = {isa = PBXBuildFile; fileRef = 2B6383AF1F73E8DA001FF876 /* GSelectionView.m */; };
		2B6383DF1F73E8F4001FF876 /* GTextUtils.h in Sources */ = {isa = PBXBuildFile; fileRef = 2B6383B01F73E8DA001FF876 /* GTextUtils.h */; };
		2B6383E01F73E8F4001FF876 /* GTextUtils.m in Sources */ = {isa = PBXBuildFile; fileRef = 2B6383B11F73E8DA001FF876 /* GTextUtils.m */; };
		2B6383E11F73E8F4001FF876 /* UIView+GText.h in Sources */ = {isa = PBXBuildFile; fileRef = 2B6383B21F73E8DA001FF876 /* UIView+GText.h */; };
		2B6383E21F73E8F4001FF876 /* UIView+GText.m in Sources */ = {isa = PBXBuildFile; fileRef = 2B6383B31F73E8DA001FF876 /* UIView+GText.m */; };
		2B6383EE1F73E9CD001FF876 /* anwei@2x.png in Resources */ = {isa = PBXBuildFile; fileRef = 2B6383EA1F73E94B001FF876 /* anwei@2x.png */; };
		2B6383EF1F73E9CD001FF876 /* dabian@2x.png in Resources */ = {isa = PBXBuildFile; fileRef = 2B6383EB1F73E94B001FF876 /* dabian@2x.png */; };
		2B6383F01F73E9CD001FF876 /* daku@2x.png in Resources */ = {isa = PBXBuildFile; fileRef = 2B6383EC1F73E94B001FF876 /* daku@2x.png */; };
		2B6383F11F73E9CD001FF876 /* expression.plist in Resources */ = {isa = PBXBuildFile; fileRef = 2B6383ED1F73E94B001FF876 /* expression.plist */; };
		2B9F6F6D1FA5E41F0094FC6E /* NSParagraphStyle+GRichLabel.m in Sources */ = {isa = PBXBuildFile; fileRef = 2B9F6F6C1FA5E41F0094FC6E /* NSParagraphStyle+GRichLabel.m */; };
		2B9F6F701FA5E4380094FC6E /* NSAttributedString+GRichLabel.m in Sources */ = {isa = PBXBuildFile; fileRef = 2B9F6F6F1FA5E4380094FC6E /* NSAttributedString+GRichLabel.m */; };
		2BC22DBE1F7B4C3A00A46E47 /* novelReadViewController.m in Sources */ = {isa = PBXBuildFile; fileRef = 2BC22DBC1F7B4C3A00A46E47 /* novelReadViewController.m */; };
		2BC22E151F7BB36000A46E47 /* GTextMenuConfiguration.m in Sources */ = {isa = PBXBuildFile; fileRef = 2BC22E141F7BB36000A46E47 /* GTextMenuConfiguration.m */; };
		2BDCBFB02088AB3E000055FE /* GACMatcherProcessor.m in Sources */ = {isa = PBXBuildFile; fileRef = 2BDCBFA02088AB3E000055FE /* GACMatcherProcessor.m */; };
		2BDCBFB12088AB3E000055FE /* GKMPMatcherProcessor.m in Sources */ = {isa = PBXBuildFile; fileRef = 2BDCBFA32088AB3E000055FE /* GKMPMatcherProcessor.m */; };
		2BDCBFB22088AB3E000055FE /* GRegexMatcherProcessor.m in Sources */ = {isa = PBXBuildFile; fileRef = 2BDCBFA42088AB3E000055FE /* GRegexMatcherProcessor.m */; };
		2BDCBFB32088AB3E000055FE /* GThreadSafeArray.m in Sources */ = {isa = PBXBuildFile; fileRef = 2BDCBFA82088AB3E000055FE /* GThreadSafeArray.m */; };
		2BDCBFB42088AB3E000055FE /* GMatcherResult.m in Sources */ = {isa = PBXBuildFile; fileRef = 2BDCBFAC2088AB3E000055FE /* GMatcherResult.m */; };
		2BDCBFB52088AB3E000055FE /* GThreadSafeDictionary.m in Sources */ = {isa = PBXBuildFile; fileRef = 2BDCBFAD2088AB3E000055FE /* GThreadSafeDictionary.m */; };
		2BDCBFB62088AB3E000055FE /* GMatcherExpression.m in Sources */ = {isa = PBXBuildFile; fileRef = 2BDCBFAF2088AB3E000055FE /* GMatcherExpression.m */; };
		2BEE6C9D1FA7023300547BE5 /* NSMutableAttributedString+GRichLabel.m in Sources */ = {isa = PBXBuildFile; fileRef = 2BEE6C9C1FA7023300547BE5 /* NSMutableAttributedString+GRichLabel.m */; };
		72927A414C6F9ED8D8CC4098 /* libPods-GRichLabelExampleTests.a in Frameworks */ = {isa = PBXBuildFile; fileRef = 026AFA84B24C1CE9393D15B6 /* libPods-GRichLabelExampleTests.a */; };
		A1CEF1A44462F8AE0AE2BE46 /* libPods-GRichLabelExample.a in Frameworks */ = {isa = PBXBuildFile; fileRef = C9B01FF650305C13A14BA73B /* libPods-GRichLabelExample.a */; };
		DAC6BB50DDD4DA1EDBFF65BF /* libPods-GRichLabelExampleUITests.a in Frameworks */ = {isa = PBXBuildFile; fileRef = BBE2B4B31D09F016C79D387B /* libPods-GRichLabelExampleUITests.a */; };
/* End PBXBuildFile section */

/* Begin PBXContainerItemProxy section */
		2B58E5821F61548F00505193 /* PBXContainerItemProxy */ = {
			isa = PBXContainerItemProxy;
			containerPortal = 2B58E5601F61548F00505193 /* Project object */;
			proxyType = 1;
			remoteGlobalIDString = 2B58E5671F61548F00505193;
			remoteInfo = GRichLabelExample;
		};
		2B58E58D1F61548F00505193 /* PBXContainerItemProxy */ = {
			isa = PBXContainerItemProxy;
			containerPortal = 2B58E5601F61548F00505193 /* Project object */;
			proxyType = 1;
			remoteGlobalIDString = 2B58E5671F61548F00505193;
			remoteInfo = GRichLabelExample;
		};
/* End PBXContainerItemProxy section */

/* Begin PBXFileReference section */
		026AFA84B24C1CE9393D15B6 /* libPods-GRichLabelExampleTests.a */ = {isa = PBXFileReference; explicitFileType = archive.ar; includeInIndex = 0; path = "libPods-GRichLabelExampleTests.a"; sourceTree = BUILT_PRODUCTS_DIR; };
		2B58E5681F61548F00505193 /* GRichLabelExample.app */ = {isa = PBXFileReference; explicitFileType = wrapper.application; includeInIndex = 0; path = GRichLabelExample.app; sourceTree = BUILT_PRODUCTS_DIR; };
		2B58E56C1F61548F00505193 /* main.m */ = {isa = PBXFileReference; lastKnownFileType = sourcecode.c.objc; path = main.m; sourceTree = "<group>"; };
		2B58E56E1F61548F00505193 /* AppDelegate.h */ = {isa = PBXFileReference; lastKnownFileType = sourcecode.c.h; path = AppDelegate.h; sourceTree = "<group>"; };
		2B58E56F1F61548F00505193 /* AppDelegate.m */ = {isa = PBXFileReference; lastKnownFileType = sourcecode.c.objc; path = AppDelegate.m; sourceTree = "<group>"; };
		2B58E5711F61548F00505193 /* ViewController.h */ = {isa = PBXFileReference; lastKnownFileType = sourcecode.c.h; path = ViewController.h; sourceTree = "<group>"; };
		2B58E5721F61548F00505193 /* ViewController.m */ = {isa = PBXFileReference; lastKnownFileType = sourcecode.c.objc; path = ViewController.m; sourceTree = "<group>"; };
		2B58E5751F61548F00505193 /* Base */ = {isa = PBXFileReference; lastKnownFileType = file.storyboard; name = Base; path = Base.lproj/Main.storyboard; sourceTree = "<group>"; };
		2B58E5771F61548F00505193 /* Assets.xcassets */ = {isa = PBXFileReference; lastKnownFileType = folder.assetcatalog; path = Assets.xcassets; sourceTree = "<group>"; };
		2B58E57A1F61548F00505193 /* Base */ = {isa = PBXFileReference; lastKnownFileType = file.storyboard; name = Base; path = Base.lproj/LaunchScreen.storyboard; sourceTree = "<group>"; };
		2B58E57C1F61548F00505193 /* Info.plist */ = {isa = PBXFileReference; lastKnownFileType = text.plist.xml; path = Info.plist; sourceTree = "<group>"; };
		2B58E5811F61548F00505193 /* GRichLabelExampleTests.xctest */ = {isa = PBXFileReference; explicitFileType = wrapper.cfbundle; includeInIndex = 0; path = GRichLabelExampleTests.xctest; sourceTree = BUILT_PRODUCTS_DIR; };
		2B58E5851F61548F00505193 /* GRichLabelExampleTests.m */ = {isa = PBXFileReference; lastKnownFileType = sourcecode.c.objc; path = GRichLabelExampleTests.m; sourceTree = "<group>"; };
		2B58E5871F61548F00505193 /* Info.plist */ = {isa = PBXFileReference; lastKnownFileType = text.plist.xml; path = Info.plist; sourceTree = "<group>"; };
		2B58E58C1F61548F00505193 /* GRichLabelExampleUITests.xctest */ = {isa = PBXFileReference; explicitFileType = wrapper.cfbundle; includeInIndex = 0; path = GRichLabelExampleUITests.xctest; sourceTree = BUILT_PRODUCTS_DIR; };
		2B58E5901F61548F00505193 /* GRichLabelExampleUITests.m */ = {isa = PBXFileReference; lastKnownFileType = sourcecode.c.objc; path = GRichLabelExampleUITests.m; sourceTree = "<group>"; };
		2B58E5921F61548F00505193 /* Info.plist */ = {isa = PBXFileReference; lastKnownFileType = text.plist.xml; path = Info.plist; sourceTree = "<group>"; };
		2B58E5DB1F6157DA00505193 /* LabelViewController.h */ = {isa = PBXFileReference; fileEncoding = 4; lastKnownFileType = sourcecode.c.h; path = LabelViewController.h; sourceTree = "<group>"; };
		2B58E5DC1F6157DA00505193 /* LabelViewController.m */ = {isa = PBXFileReference; fileEncoding = 4; lastKnownFileType = sourcecode.c.objc; path = LabelViewController.m; sourceTree = "<group>"; };
		2B62BC761FB19C8F00F611CC /* GMenuContextProtocol.h */ = {isa = PBXFileReference; lastKnownFileType = sourcecode.c.h; path = GMenuContextProtocol.h; sourceTree = "<group>"; };
		2B62BC771FB19E7800F611CC /* DemoTextMenuConfig.h */ = {isa = PBXFileReference; lastKnownFileType = sourcecode.c.h; path = DemoTextMenuConfig.h; sourceTree = "<group>"; };
		2B62BC781FB19E7800F611CC /* DemoTextMenuConfig.m */ = {isa = PBXFileReference; lastKnownFileType = sourcecode.c.objc; path = DemoTextMenuConfig.m; sourceTree = "<group>"; };
		2B6383931F73E8DA001FF876 /* GAttributedStringFactory.h */ = {isa = PBXFileReference; lastKnownFileType = sourcecode.c.h; path = GAttributedStringFactory.h; sourceTree = "<group>"; };
		2B6383941F73E8DA001FF876 /* GAttributedStringFactory.m */ = {isa = PBXFileReference; lastKnownFileType = sourcecode.c.objc; path = GAttributedStringFactory.m; sourceTree = "<group>"; };
		2B6383951F73E8DA001FF876 /* GAttributedConfiguration.h */ = {isa = PBXFileReference; lastKnownFileType = sourcecode.c.h; path = GAttributedConfiguration.h; sourceTree = "<group>"; };
		2B6383961F73E8DA001FF876 /* GAttributedConfiguration.m */ = {isa = PBXFileReference; lastKnownFileType = sourcecode.c.objc; path = GAttributedConfiguration.m; sourceTree = "<group>"; };
		2B6383971F73E8DA001FF876 /* GAttributedToken.h */ = {isa = PBXFileReference; lastKnownFileType = sourcecode.c.h; path = GAttributedToken.h; sourceTree = "<group>"; };
		2B6383981F73E8DA001FF876 /* GAttributedToken.m */ = {isa = PBXFileReference; lastKnownFileType = sourcecode.c.objc; path = GAttributedToken.m; sourceTree = "<group>"; };
		2B6383991F73E8DA001FF876 /* GDrawTextBuilder.h */ = {isa = PBXFileReference; lastKnownFileType = sourcecode.c.h; path = GDrawTextBuilder.h; sourceTree = "<group>"; };
		2B63839A1F73E8DA001FF876 /* GDrawTextBuilder.m */ = {isa = PBXFileReference; lastKnownFileType = sourcecode.c.objc; path = GDrawTextBuilder.m; sourceTree = "<group>"; };
		2B63839B1F73E8DA001FF876 /* GEmojiConfigManager.h */ = {isa = PBXFileReference; lastKnownFileType = sourcecode.c.h; path = GEmojiConfigManager.h; sourceTree = "<group>"; };
		2B63839C1F73E8DA001FF876 /* GEmojiConfigManager.m */ = {isa = PBXFileReference; lastKnownFileType = sourcecode.c.objc; path = GEmojiConfigManager.m; sourceTree = "<group>"; };
		2B63839D1F73E8DA001FF876 /* GTokenAppearance.h */ = {isa = PBXFileReference; lastKnownFileType = sourcecode.c.h; path = GTokenAppearance.h; sourceTree = "<group>"; };
		2B63839E1F73E8DA001FF876 /* GTokenAppearance.m */ = {isa = PBXFileReference; lastKnownFileType = sourcecode.c.objc; path = GTokenAppearance.m; sourceTree = "<group>"; };
		2B6383A11F73E8DA001FF876 /* GRichLabel.h */ = {isa = PBXFileReference; lastKnownFileType = sourcecode.c.h; path = GRichLabel.h; sourceTree = "<group>"; };
		2B6383A21F73E8DA001FF876 /* GRichLabel.m */ = {isa = PBXFileReference; lastKnownFileType = sourcecode.c.objc; path = GRichLabel.m; sourceTree = "<group>"; };
		2B6383A41F73E8DA001FF876 /* GCursor.h */ = {isa = PBXFileReference; lastKnownFileType = sourcecode.c.h; path = GCursor.h; sourceTree = "<group>"; };
		2B6383A51F73E8DA001FF876 /* GCursor.m */ = {isa = PBXFileReference; lastKnownFileType = sourcecode.c.objc; path = GCursor.m; sourceTree = "<group>"; };
		2B6383A61F73E8DA001FF876 /* GEmojiRunDelegate.h */ = {isa = PBXFileReference; lastKnownFileType = sourcecode.c.h; path = GEmojiRunDelegate.h; sourceTree = "<group>"; };
		2B6383A71F73E8DA001FF876 /* GEmojiRunDelegate.m */ = {isa = PBXFileReference; lastKnownFileType = sourcecode.c.objc; path = GEmojiRunDelegate.m; sourceTree = "<group>"; };
		2B6383A81F73E8DA001FF876 /* GLineLayout.h */ = {isa = PBXFileReference; lastKnownFileType = sourcecode.c.h; path = GLineLayout.h; sourceTree = "<group>"; };
		2B6383A91F73E8DA001FF876 /* GLineLayout.m */ = {isa = PBXFileReference; lastKnownFileType = sourcecode.c.objc; path = GLineLayout.m; sourceTree = "<group>"; };
		2B6383AA1F73E8DA001FF876 /* GMagnifiter.h */ = {isa = PBXFileReference; lastKnownFileType = sourcecode.c.h; path = GMagnifiter.h; sourceTree = "<group>"; };
		2B6383AB1F73E8DA001FF876 /* GMagnifiter.m */ = {isa = PBXFileReference; lastKnownFileType = sourcecode.c.objc; path = GMagnifiter.m; sourceTree = "<group>"; };
		2B6383AC1F73E8DA001FF876 /* GMagnifiterWindow.h */ = {isa = PBXFileReference; lastKnownFileType = sourcecode.c.h; path = GMagnifiterWindow.h; sourceTree = "<group>"; };
		2B6383AD1F73E8DA001FF876 /* GMagnifiterWindow.m */ = {isa = PBXFileReference; lastKnownFileType = sourcecode.c.objc; path = GMagnifiterWindow.m; sourceTree = "<group>"; };
		2B6383AE1F73E8DA001FF876 /* GSelectionView.h */ = {isa = PBXFileReference; lastKnownFileType = sourcecode.c.h; path = GSelectionView.h; sourceTree = "<group>"; };
		2B6383AF1F73E8DA001FF876 /* GSelectionView.m */ = {isa = PBXFileReference; lastKnownFileType = sourcecode.c.objc; path = GSelectionView.m; sourceTree = "<group>"; };
		2B6383B01F73E8DA001FF876 /* GTextUtils.h */ = {isa = PBXFileReference; lastKnownFileType = sourcecode.c.h; path = GTextUtils.h; sourceTree = "<group>"; };
		2B6383B11F73E8DA001FF876 /* GTextUtils.m */ = {isa = PBXFileReference; lastKnownFileType = sourcecode.c.objc; path = GTextUtils.m; sourceTree = "<group>"; };
		2B6383B21F73E8DA001FF876 /* UIView+GText.h */ = {isa = PBXFileReference; lastKnownFileType = sourcecode.c.h; path = "UIView+GText.h"; sourceTree = "<group>"; };
		2B6383B31F73E8DA001FF876 /* UIView+GText.m */ = {isa = PBXFileReference; lastKnownFileType = sourcecode.c.objc; path = "UIView+GText.m"; sourceTree = "<group>"; };
		2B6383EA1F73E94B001FF876 /* anwei@2x.png */ = {isa = PBXFileReference; lastKnownFileType = image.png; path = "anwei@2x.png"; sourceTree = "<group>"; };
		2B6383EB1F73E94B001FF876 /* dabian@2x.png */ = {isa = PBXFileReference; lastKnownFileType = image.png; path = "dabian@2x.png"; sourceTree = "<group>"; };
		2B6383EC1F73E94B001FF876 /* daku@2x.png */ = {isa = PBXFileReference; lastKnownFileType = image.png; path = "daku@2x.png"; sourceTree = "<group>"; };
		2B6383ED1F73E94B001FF876 /* expression.plist */ = {isa = PBXFileReference; lastKnownFileType = text.plist.xml; path = expression.plist; sourceTree = "<group>"; };
		2B9F6F6B1FA5E41F0094FC6E /* NSParagraphStyle+GRichLabel.h */ = {isa = PBXFileReference; lastKnownFileType = sourcecode.c.h; path = "NSParagraphStyle+GRichLabel.h"; sourceTree = "<group>"; };
		2B9F6F6C1FA5E41F0094FC6E /* NSParagraphStyle+GRichLabel.m */ = {isa = PBXFileReference; lastKnownFileType = sourcecode.c.objc; path = "NSParagraphStyle+GRichLabel.m"; sourceTree = "<group>"; };
		2B9F6F6E1FA5E4380094FC6E /* NSAttributedString+GRichLabel.h */ = {isa = PBXFileReference; lastKnownFileType = sourcecode.c.h; path = "NSAttributedString+GRichLabel.h"; sourceTree = "<group>"; };
		2B9F6F6F1FA5E4380094FC6E /* NSAttributedString+GRichLabel.m */ = {isa = PBXFileReference; lastKnownFileType = sourcecode.c.objc; path = "NSAttributedString+GRichLabel.m"; sourceTree = "<group>"; };
		2BC22DBB1F7B4C3A00A46E47 /* novelReadViewController.h */ = {isa = PBXFileReference; lastKnownFileType = sourcecode.c.h; path = novelReadViewController.h; sourceTree = "<group>"; };
		2BC22DBC1F7B4C3A00A46E47 /* novelReadViewController.m */ = {isa = PBXFileReference; lastKnownFileType = sourcecode.c.objc; path = novelReadViewController.m; sourceTree = "<group>"; };
		2BC22DBD1F7B4C3A00A46E47 /* novelabcd@2x.jpg */ = {isa = PBXFileReference; lastKnownFileType = image.jpeg; path = "novelabcd@2x.jpg"; sourceTree = "<group>"; };
		2BC22DBF1F7B4CE000A46E47 /* novelabcd.jpg */ = {isa = PBXFileReference; lastKnownFileType = image.jpeg; path = novelabcd.jpg; sourceTree = "<group>"; };
		2BC22E131F7BB36000A46E47 /* GTextMenuConfiguration.h */ = {isa = PBXFileReference; lastKnownFileType = sourcecode.c.h; path = GTextMenuConfiguration.h; sourceTree = "<group>"; };
		2BC22E141F7BB36000A46E47 /* GTextMenuConfiguration.m */ = {isa = PBXFileReference; lastKnownFileType = sourcecode.c.objc; path = GTextMenuConfiguration.m; sourceTree = "<group>"; };
		2BDCBF9F2088AB3E000055FE /* GKMPMatcherProcessor.h */ = {isa = PBXFileReference; fileEncoding = 4; lastKnownFileType = sourcecode.c.h; path = GKMPMatcherProcessor.h; sourceTree = "<group>"; };
		2BDCBFA02088AB3E000055FE /* GACMatcherProcessor.m */ = {isa = PBXFileReference; fileEncoding = 4; lastKnownFileType = sourcecode.c.objc; path = GACMatcherProcessor.m; sourceTree = "<group>"; };
		2BDCBFA12088AB3E000055FE /* GRegexMatcherProcessor.h */ = {isa = PBXFileReference; fileEncoding = 4; lastKnownFileType = sourcecode.c.h; path = GRegexMatcherProcessor.h; sourceTree = "<group>"; };
		2BDCBFA22088AB3E000055FE /* GACMatcherProcessor.h */ = {isa = PBXFileReference; fileEncoding = 4; lastKnownFileType = sourcecode.c.h; path = GACMatcherProcessor.h; sourceTree = "<group>"; };
		2BDCBFA32088AB3E000055FE /* GKMPMatcherProcessor.m */ = {isa = PBXFileReference; fileEncoding = 4; lastKnownFileType = sourcecode.c.objc; path = GKMPMatcherProcessor.m; sourceTree = "<group>"; };
		2BDCBFA42088AB3E000055FE /* GRegexMatcherProcessor.m */ = {isa = PBXFileReference; fileEncoding = 4; lastKnownFileType = sourcecode.c.objc; path = GRegexMatcherProcessor.m; sourceTree = "<group>"; };
		2BDCBFA52088AB3E000055FE /* IMatcherProcessor.h */ = {isa = PBXFileReference; fileEncoding = 4; lastKnownFileType = sourcecode.c.h; path = IMatcherProcessor.h; sourceTree = "<group>"; };
		2BDCBFA62088AB3E000055FE /* IMatcherObject.h */ = {isa = PBXFileReference; fileEncoding = 4; lastKnownFileType = sourcecode.c.h; path = IMatcherObject.h; sourceTree = "<group>"; };
		2BDCBFA82088AB3E000055FE /* GThreadSafeArray.m */ = {isa = PBXFileReference; fileEncoding = 4; lastKnownFileType = sourcecode.c.objc; path = GThreadSafeArray.m; sourceTree = "<group>"; };
		2BDCBFA92088AB3E000055FE /* GMatcherResult.h */ = {isa = PBXFileReference; fileEncoding = 4; lastKnownFileType = sourcecode.c.h; path = GMatcherResult.h; sourceTree = "<group>"; };
		2BDCBFAA2088AB3E000055FE /* GThreadSafeDictionary.h */ = {isa = PBXFileReference; fileEncoding = 4; lastKnownFileType = sourcecode.c.h; path = GThreadSafeDictionary.h; sourceTree = "<group>"; };
		2BDCBFAB2088AB3E000055FE /* GThreadSafeArray.h */ = {isa = PBXFileReference; fileEncoding = 4; lastKnownFileType = sourcecode.c.h; path = GThreadSafeArray.h; sourceTree = "<group>"; };
		2BDCBFAC2088AB3E000055FE /* GMatcherResult.m */ = {isa = PBXFileReference; fileEncoding = 4; lastKnownFileType = sourcecode.c.objc; path = GMatcherResult.m; sourceTree = "<group>"; };
		2BDCBFAD2088AB3E000055FE /* GThreadSafeDictionary.m */ = {isa = PBXFileReference; fileEncoding = 4; lastKnownFileType = sourcecode.c.objc; path = GThreadSafeDictionary.m; sourceTree = "<group>"; };
		2BDCBFAE2088AB3E000055FE /* GMatcherExpression.h */ = {isa = PBXFileReference; fileEncoding = 4; lastKnownFileType = sourcecode.c.h; path = GMatcherExpression.h; sourceTree = "<group>"; };
		2BDCBFAF2088AB3E000055FE /* GMatcherExpression.m */ = {isa = PBXFileReference; fileEncoding = 4; lastKnownFileType = sourcecode.c.objc; path = GMatcherExpression.m; sourceTree = "<group>"; };
		2BEE6C9B1FA7023300547BE5 /* NSMutableAttributedString+GRichLabel.h */ = {isa = PBXFileReference; lastKnownFileType = sourcecode.c.h; path = "NSMutableAttributedString+GRichLabel.h"; sourceTree = "<group>"; };
		2BEE6C9C1FA7023300547BE5 /* NSMutableAttributedString+GRichLabel.m */ = {isa = PBXFileReference; lastKnownFileType = sourcecode.c.objc; path = "NSMutableAttributedString+GRichLabel.m"; sourceTree = "<group>"; };
		382900EE4BFFDC7419BC00A4 /* Pods-GRichLabelExampleUITests.release.xcconfig */ = {isa = PBXFileReference; includeInIndex = 1; lastKnownFileType = text.xcconfig; name = "Pods-GRichLabelExampleUITests.release.xcconfig"; path = "Pods/Target Support Files/Pods-GRichLabelExampleUITests/Pods-GRichLabelExampleUITests.release.xcconfig"; sourceTree = "<group>"; };
		3A0B6E473B29FCC3C9870A29 /* Pods-GRichLabelExampleTests.debug.xcconfig */ = {isa = PBXFileReference; includeInIndex = 1; lastKnownFileType = text.xcconfig; name = "Pods-GRichLabelExampleTests.debug.xcconfig"; path = "Pods/Target Support Files/Pods-GRichLabelExampleTests/Pods-GRichLabelExampleTests.debug.xcconfig"; sourceTree = "<group>"; };
		881CBDAFD47176B7D16BD915 /* Pods-GRichLabelExampleUITests.debug.xcconfig */ = {isa = PBXFileReference; includeInIndex = 1; lastKnownFileType = text.xcconfig; name = "Pods-GRichLabelExampleUITests.debug.xcconfig"; path = "Pods/Target Support Files/Pods-GRichLabelExampleUITests/Pods-GRichLabelExampleUITests.debug.xcconfig"; sourceTree = "<group>"; };
		96C0C7A7823F689DFA6489B4 /* Pods-GRichLabelExampleTests.release.xcconfig */ = {isa = PBXFileReference; includeInIndex = 1; lastKnownFileType = text.xcconfig; name = "Pods-GRichLabelExampleTests.release.xcconfig"; path = "Pods/Target Support Files/Pods-GRichLabelExampleTests/Pods-GRichLabelExampleTests.release.xcconfig"; sourceTree = "<group>"; };
		BBE2B4B31D09F016C79D387B /* libPods-GRichLabelExampleUITests.a */ = {isa = PBXFileReference; explicitFileType = archive.ar; includeInIndex = 0; path = "libPods-GRichLabelExampleUITests.a"; sourceTree = BUILT_PRODUCTS_DIR; };
		C2BF400BE1D9302992C730A2 /* Pods-GRichLabelExample.debug.xcconfig */ = {isa = PBXFileReference; includeInIndex = 1; lastKnownFileType = text.xcconfig; name = "Pods-GRichLabelExample.debug.xcconfig"; path = "Pods/Target Support Files/Pods-GRichLabelExample/Pods-GRichLabelExample.debug.xcconfig"; sourceTree = "<group>"; };
		C9B01FF650305C13A14BA73B /* libPods-GRichLabelExample.a */ = {isa = PBXFileReference; explicitFileType = archive.ar; includeInIndex = 0; path = "libPods-GRichLabelExample.a"; sourceTree = BUILT_PRODUCTS_DIR; };
		D504E9C9F1C68C2795CEF8B6 /* Pods-GRichLabelExample.release.xcconfig */ = {isa = PBXFileReference; includeInIndex = 1; lastKnownFileType = text.xcconfig; name = "Pods-GRichLabelExample.release.xcconfig"; path = "Pods/Target Support Files/Pods-GRichLabelExample/Pods-GRichLabelExample.release.xcconfig"; sourceTree = "<group>"; };
/* End PBXFileReference section */

/* Begin PBXFrameworksBuildPhase section */
		2B58E5651F61548F00505193 /* Frameworks */ = {
			isa = PBXFrameworksBuildPhase;
			buildActionMask = 2147483647;
			files = (
				A1CEF1A44462F8AE0AE2BE46 /* libPods-GRichLabelExample.a in Frameworks */,
			);
			runOnlyForDeploymentPostprocessing = 0;
		};
		2B58E57E1F61548F00505193 /* Frameworks */ = {
			isa = PBXFrameworksBuildPhase;
			buildActionMask = 2147483647;
			files = (
				72927A414C6F9ED8D8CC4098 /* libPods-GRichLabelExampleTests.a in Frameworks */,
			);
			runOnlyForDeploymentPostprocessing = 0;
		};
		2B58E5891F61548F00505193 /* Frameworks */ = {
			isa = PBXFrameworksBuildPhase;
			buildActionMask = 2147483647;
			files = (
				DAC6BB50DDD4DA1EDBFF65BF /* libPods-GRichLabelExampleUITests.a in Frameworks */,
			);
			runOnlyForDeploymentPostprocessing = 0;
		};
/* End PBXFrameworksBuildPhase section */

/* Begin PBXGroup section */
		2B58E55F1F61548F00505193 = {
			isa = PBXGroup;
			children = (
				2B6383871F73E8DA001FF876 /* GRichLabel */,
				2B58E56A1F61548F00505193 /* GRichLabelExample */,
				2B58E5841F61548F00505193 /* GRichLabelExampleTests */,
				2B58E58F1F61548F00505193 /* GRichLabelExampleUITests */,
				2B58E5691F61548F00505193 /* Products */,
				4B4AA05868C785282397A4A5 /* Pods */,
				DBF1B06815E31B4BE994609A /* Frameworks */,
			);
			sourceTree = "<group>";
		};
		2B58E5691F61548F00505193 /* Products */ = {
			isa = PBXGroup;
			children = (
				2B58E5681F61548F00505193 /* GRichLabelExample.app */,
				2B58E5811F61548F00505193 /* GRichLabelExampleTests.xctest */,
				2B58E58C1F61548F00505193 /* GRichLabelExampleUITests.xctest */,
			);
			name = Products;
			sourceTree = "<group>";
		};
		2B58E56A1F61548F00505193 /* GRichLabelExample */ = {
			isa = PBXGroup;
			children = (
				2B58E56E1F61548F00505193 /* AppDelegate.h */,
				2B58E56F1F61548F00505193 /* AppDelegate.m */,
				2B58E5711F61548F00505193 /* ViewController.h */,
				2B58E5721F61548F00505193 /* ViewController.m */,
				2B58E5DB1F6157DA00505193 /* LabelViewController.h */,
				2B58E5DC1F6157DA00505193 /* LabelViewController.m */,
				2BC22DBB1F7B4C3A00A46E47 /* novelReadViewController.h */,
				2BC22DBC1F7B4C3A00A46E47 /* novelReadViewController.m */,
				2B62BC771FB19E7800F611CC /* DemoTextMenuConfig.h */,
				2B62BC781FB19E7800F611CC /* DemoTextMenuConfig.m */,
				2BC22DBD1F7B4C3A00A46E47 /* novelabcd@2x.jpg */,
				2BC22DBF1F7B4CE000A46E47 /* novelabcd.jpg */,
				2B58E5741F61548F00505193 /* Main.storyboard */,
				2B58E5771F61548F00505193 /* Assets.xcassets */,
				2B58E5791F61548F00505193 /* LaunchScreen.storyboard */,
				2B58E57C1F61548F00505193 /* Info.plist */,
				2B6383E91F73E94B001FF876 /* emoji */,
				2B58E56B1F61548F00505193 /* Supporting Files */,
			);
			path = GRichLabelExample;
			sourceTree = "<group>";
		};
		2B58E56B1F61548F00505193 /* Supporting Files */ = {
			isa = PBXGroup;
			children = (
				2B58E56C1F61548F00505193 /* main.m */,
			);
			name = "Supporting Files";
			sourceTree = "<group>";
		};
		2B58E5841F61548F00505193 /* GRichLabelExampleTests */ = {
			isa = PBXGroup;
			children = (
				2B58E5851F61548F00505193 /* GRichLabelExampleTests.m */,
				2B58E5871F61548F00505193 /* Info.plist */,
			);
			path = GRichLabelExampleTests;
			sourceTree = "<group>";
		};
		2B58E58F1F61548F00505193 /* GRichLabelExampleUITests */ = {
			isa = PBXGroup;
			children = (
				2B58E5901F61548F00505193 /* GRichLabelExampleUITests.m */,
				2B58E5921F61548F00505193 /* Info.plist */,
			);
			path = GRichLabelExampleUITests;
			sourceTree = "<group>";
		};
		2B6383871F73E8DA001FF876 /* GRichLabel */ = {
			isa = PBXGroup;
			children = (
				2BDCBF9D2088AB3E000055FE /* GMatching */,
				2B6383911F73E8DA001FF876 /* RichLabel */,
			);
			path = GRichLabel;
			sourceTree = "<group>";
		};
		2B6383911F73E8DA001FF876 /* RichLabel */ = {
			isa = PBXGroup;
			children = (
				2B6383A11F73E8DA001FF876 /* GRichLabel.h */,
				2B6383A21F73E8DA001FF876 /* GRichLabel.m */,
				2B6383921F73E8DA001FF876 /* Common */,
				2B6383A31F73E8DA001FF876 /* Internal */,
			);
			path = RichLabel;
			sourceTree = "<group>";
		};
		2B6383921F73E8DA001FF876 /* Common */ = {
			isa = PBXGroup;
			children = (
				2B6383931F73E8DA001FF876 /* GAttributedStringFactory.h */,
				2B6383941F73E8DA001FF876 /* GAttributedStringFactory.m */,
				2B6383951F73E8DA001FF876 /* GAttributedConfiguration.h */,
				2B6383961F73E8DA001FF876 /* GAttributedConfiguration.m */,
				2B6383971F73E8DA001FF876 /* GAttributedToken.h */,
				2B6383981F73E8DA001FF876 /* GAttributedToken.m */,
				2B6383991F73E8DA001FF876 /* GDrawTextBuilder.h */,
				2B63839A1F73E8DA001FF876 /* GDrawTextBuilder.m */,
				2B63839B1F73E8DA001FF876 /* GEmojiConfigManager.h */,
				2B63839C1F73E8DA001FF876 /* GEmojiConfigManager.m */,
				2B63839D1F73E8DA001FF876 /* GTokenAppearance.h */,
				2B63839E1F73E8DA001FF876 /* GTokenAppearance.m */,
				2B62BC761FB19C8F00F611CC /* GMenuContextProtocol.h */,
				2BC22E131F7BB36000A46E47 /* GTextMenuConfiguration.h */,
				2BC22E141F7BB36000A46E47 /* GTextMenuConfiguration.m */,
				2B9F6F6B1FA5E41F0094FC6E /* NSParagraphStyle+GRichLabel.h */,
				2B9F6F6C1FA5E41F0094FC6E /* NSParagraphStyle+GRichLabel.m */,
				2B9F6F6E1FA5E4380094FC6E /* NSAttributedString+GRichLabel.h */,
				2B9F6F6F1FA5E4380094FC6E /* NSAttributedString+GRichLabel.m */,
				2BEE6C9B1FA7023300547BE5 /* NSMutableAttributedString+GRichLabel.h */,
				2BEE6C9C1FA7023300547BE5 /* NSMutableAttributedString+GRichLabel.m */,
			);
			path = Common;
			sourceTree = "<group>";
		};
		2B6383A31F73E8DA001FF876 /* Internal */ = {
			isa = PBXGroup;
			children = (
				2B6383A41F73E8DA001FF876 /* GCursor.h */,
				2B6383A51F73E8DA001FF876 /* GCursor.m */,
				2B6383A61F73E8DA001FF876 /* GEmojiRunDelegate.h */,
				2B6383A71F73E8DA001FF876 /* GEmojiRunDelegate.m */,
				2B6383A81F73E8DA001FF876 /* GLineLayout.h */,
				2B6383A91F73E8DA001FF876 /* GLineLayout.m */,
				2B6383AA1F73E8DA001FF876 /* GMagnifiter.h */,
				2B6383AB1F73E8DA001FF876 /* GMagnifiter.m */,
				2B6383AC1F73E8DA001FF876 /* GMagnifiterWindow.h */,
				2B6383AD1F73E8DA001FF876 /* GMagnifiterWindow.m */,
				2B6383AE1F73E8DA001FF876 /* GSelectionView.h */,
				2B6383AF1F73E8DA001FF876 /* GSelectionView.m */,
				2B6383B01F73E8DA001FF876 /* GTextUtils.h */,
				2B6383B11F73E8DA001FF876 /* GTextUtils.m */,
				2B6383B21F73E8DA001FF876 /* UIView+GText.h */,
				2B6383B31F73E8DA001FF876 /* UIView+GText.m */,
			);
			path = Internal;
			sourceTree = "<group>";
		};
		2B6383E91F73E94B001FF876 /* emoji */ = {
			isa = PBXGroup;
			children = (
				2B6383EA1F73E94B001FF876 /* anwei@2x.png */,
				2B6383EB1F73E94B001FF876 /* dabian@2x.png */,
				2B6383EC1F73E94B001FF876 /* daku@2x.png */,
				2B6383ED1F73E94B001FF876 /* expression.plist */,
			);
			path = emoji;
			sourceTree = "<group>";
		};
		2BDCBF9D2088AB3E000055FE /* GMatching */ = {
			isa = PBXGroup;
			children = (
				2BDCBF9E2088AB3E000055FE /* GMatcherProcessor */,
				2BDCBFA72088AB3E000055FE /* GMatcherUtil */,
				2BDCBFAE2088AB3E000055FE /* GMatcherExpression.h */,
				2BDCBFAF2088AB3E000055FE /* GMatcherExpression.m */,
			);
			path = GMatching;
			sourceTree = "<group>";
		};
		2BDCBF9E2088AB3E000055FE /* GMatcherProcessor */ = {
			isa = PBXGroup;
			children = (
				2BDCBF9F2088AB3E000055FE /* GKMPMatcherProcessor.h */,
				2BDCBFA02088AB3E000055FE /* GACMatcherProcessor.m */,
				2BDCBFA12088AB3E000055FE /* GRegexMatcherProcessor.h */,
				2BDCBFA22088AB3E000055FE /* GACMatcherProcessor.h */,
				2BDCBFA32088AB3E000055FE /* GKMPMatcherProcessor.m */,
				2BDCBFA42088AB3E000055FE /* GRegexMatcherProcessor.m */,
				2BDCBFA52088AB3E000055FE /* IMatcherProcessor.h */,
				2BDCBFA62088AB3E000055FE /* IMatcherObject.h */,
			);
			path = GMatcherProcessor;
			sourceTree = "<group>";
		};
		2BDCBFA72088AB3E000055FE /* GMatcherUtil */ = {
			isa = PBXGroup;
			children = (
				2BDCBFA82088AB3E000055FE /* GThreadSafeArray.m */,
				2BDCBFA92088AB3E000055FE /* GMatcherResult.h */,
				2BDCBFAA2088AB3E000055FE /* GThreadSafeDictionary.h */,
				2BDCBFAB2088AB3E000055FE /* GThreadSafeArray.h */,
				2BDCBFAC2088AB3E000055FE /* GMatcherResult.m */,
				2BDCBFAD2088AB3E000055FE /* GThreadSafeDictionary.m */,
			);
			path = GMatcherUtil;
			sourceTree = "<group>";
		};
		4B4AA05868C785282397A4A5 /* Pods */ = {
			isa = PBXGroup;
			children = (
				C2BF400BE1D9302992C730A2 /* Pods-GRichLabelExample.debug.xcconfig */,
				D504E9C9F1C68C2795CEF8B6 /* Pods-GRichLabelExample.release.xcconfig */,
				3A0B6E473B29FCC3C9870A29 /* Pods-GRichLabelExampleTests.debug.xcconfig */,
				96C0C7A7823F689DFA6489B4 /* Pods-GRichLabelExampleTests.release.xcconfig */,
				881CBDAFD47176B7D16BD915 /* Pods-GRichLabelExampleUITests.debug.xcconfig */,
				382900EE4BFFDC7419BC00A4 /* Pods-GRichLabelExampleUITests.release.xcconfig */,
			);
			name = Pods;
			sourceTree = "<group>";
		};
		DBF1B06815E31B4BE994609A /* Frameworks */ = {
			isa = PBXGroup;
			children = (
				C9B01FF650305C13A14BA73B /* libPods-GRichLabelExample.a */,
				026AFA84B24C1CE9393D15B6 /* libPods-GRichLabelExampleTests.a */,
				BBE2B4B31D09F016C79D387B /* libPods-GRichLabelExampleUITests.a */,
			);
			name = Frameworks;
			sourceTree = "<group>";
		};
/* End PBXGroup section */

/* Begin PBXNativeTarget section */
		2B58E5671F61548F00505193 /* GRichLabelExample */ = {
			isa = PBXNativeTarget;
			buildConfigurationList = 2B58E5951F61548F00505193 /* Build configuration list for PBXNativeTarget "GRichLabelExample" */;
			buildPhases = (
				68C53C872E3A13F68CA70ADB /* [CP] Check Pods Manifest.lock */,
				2B58E5641F61548F00505193 /* Sources */,
				2B58E5651F61548F00505193 /* Frameworks */,
				2B58E5661F61548F00505193 /* Resources */,
				A2E31B6FAE2CD1B58D4143FB /* [CP] Embed Pods Frameworks */,
				621A407F7E8BE51DF5B62B3C /* [CP] Copy Pods Resources */,
			);
			buildRules = (
			);
			dependencies = (
			);
			name = GRichLabelExample;
			productName = GRichLabelExample;
			productReference = 2B58E5681F61548F00505193 /* GRichLabelExample.app */;
			productType = "com.apple.product-type.application";
		};
		2B58E5801F61548F00505193 /* GRichLabelExampleTests */ = {
			isa = PBXNativeTarget;
			buildConfigurationList = 2B58E5981F61548F00505193 /* Build configuration list for PBXNativeTarget "GRichLabelExampleTests" */;
			buildPhases = (
				AC0F042AF2EF6CB4F548DF96 /* [CP] Check Pods Manifest.lock */,
				2B58E57D1F61548F00505193 /* Sources */,
				2B58E57E1F61548F00505193 /* Frameworks */,
				2B58E57F1F61548F00505193 /* Resources */,
				B591D28EA5DD278086DE46B6 /* [CP] Embed Pods Frameworks */,
				3622554A0A19AFCEBCA81D92 /* [CP] Copy Pods Resources */,
			);
			buildRules = (
			);
			dependencies = (
				2B58E5831F61548F00505193 /* PBXTargetDependency */,
			);
			name = GRichLabelExampleTests;
			productName = GRichLabelExampleTests;
			productReference = 2B58E5811F61548F00505193 /* GRichLabelExampleTests.xctest */;
			productType = "com.apple.product-type.bundle.unit-test";
		};
		2B58E58B1F61548F00505193 /* GRichLabelExampleUITests */ = {
			isa = PBXNativeTarget;
			buildConfigurationList = 2B58E59B1F61548F00505193 /* Build configuration list for PBXNativeTarget "GRichLabelExampleUITests" */;
			buildPhases = (
				E4AA4C32F3CD5E351421A9C7 /* [CP] Check Pods Manifest.lock */,
				2B58E5881F61548F00505193 /* Sources */,
				2B58E5891F61548F00505193 /* Frameworks */,
				2B58E58A1F61548F00505193 /* Resources */,
				236D1EC2F68E2DC832BEFCA1 /* [CP] Embed Pods Frameworks */,
				CA6C427B40CE9ADE36162D90 /* [CP] Copy Pods Resources */,
			);
			buildRules = (
			);
			dependencies = (
				2B58E58E1F61548F00505193 /* PBXTargetDependency */,
			);
			name = GRichLabelExampleUITests;
			productName = GRichLabelExampleUITests;
			productReference = 2B58E58C1F61548F00505193 /* GRichLabelExampleUITests.xctest */;
			productType = "com.apple.product-type.bundle.ui-testing";
		};
/* End PBXNativeTarget section */

/* Begin PBXProject section */
		2B58E5601F61548F00505193 /* Project object */ = {
			isa = PBXProject;
			attributes = {
				LastUpgradeCheck = 0830;
				ORGANIZATIONNAME = GIKI;
				TargetAttributes = {
					2B58E5671F61548F00505193 = {
						CreatedOnToolsVersion = 8.3.2;
						DevelopmentTeam = RCF9CM736N;
						ProvisioningStyle = Automatic;
					};
					2B58E5801F61548F00505193 = {
						CreatedOnToolsVersion = 8.3.2;
						DevelopmentTeam = RCF9CM736N;
						ProvisioningStyle = Automatic;
						TestTargetID = 2B58E5671F61548F00505193;
					};
					2B58E58B1F61548F00505193 = {
						CreatedOnToolsVersion = 8.3.2;
						DevelopmentTeam = RCF9CM736N;
						ProvisioningStyle = Automatic;
						TestTargetID = 2B58E5671F61548F00505193;
					};
				};
			};
			buildConfigurationList = 2B58E5631F61548F00505193 /* Build configuration list for PBXProject "GRichLabelExample" */;
			compatibilityVersion = "Xcode 3.2";
			developmentRegion = English;
			hasScannedForEncodings = 0;
			knownRegions = (
				en,
				Base,
			);
			mainGroup = 2B58E55F1F61548F00505193;
			productRefGroup = 2B58E5691F61548F00505193 /* Products */;
			projectDirPath = "";
			projectRoot = "";
			targets = (
				2B58E5671F61548F00505193 /* GRichLabelExample */,
				2B58E5801F61548F00505193 /* GRichLabelExampleTests */,
				2B58E58B1F61548F00505193 /* GRichLabelExampleUITests */,
			);
		};
/* End PBXProject section */

/* Begin PBXResourcesBuildPhase section */
		2B58E5661F61548F00505193 /* Resources */ = {
			isa = PBXResourcesBuildPhase;
			buildActionMask = 2147483647;
			files = (
				2B6383EE1F73E9CD001FF876 /* anwei@2x.png in Resources */,
				2B6383EF1F73E9CD001FF876 /* dabian@2x.png in Resources */,
				2B6383F01F73E9CD001FF876 /* daku@2x.png in Resources */,
				2B6383F11F73E9CD001FF876 /* expression.plist in Resources */,
				2B58E57B1F61548F00505193 /* LaunchScreen.storyboard in Resources */,
				2B58E5781F61548F00505193 /* Assets.xcassets in Resources */,
				2B58E5761F61548F00505193 /* Main.storyboard in Resources */,
			);
			runOnlyForDeploymentPostprocessing = 0;
		};
		2B58E57F1F61548F00505193 /* Resources */ = {
			isa = PBXResourcesBuildPhase;
			buildActionMask = 2147483647;
			files = (
			);
			runOnlyForDeploymentPostprocessing = 0;
		};
		2B58E58A1F61548F00505193 /* Resources */ = {
			isa = PBXResourcesBuildPhase;
			buildActionMask = 2147483647;
			files = (
			);
			runOnlyForDeploymentPostprocessing = 0;
		};
/* End PBXResourcesBuildPhase section */

/* Begin PBXShellScriptBuildPhase section */
		236D1EC2F68E2DC832BEFCA1 /* [CP] Embed Pods Frameworks */ = {
			isa = PBXShellScriptBuildPhase;
			buildActionMask = 2147483647;
			files = (
			);
			inputPaths = (
			);
			name = "[CP] Embed Pods Frameworks";
			outputPaths = (
			);
			runOnlyForDeploymentPostprocessing = 0;
			shellPath = /bin/sh;
			shellScript = "\"${SRCROOT}/Pods/Target Support Files/Pods-GRichLabelExampleUITests/Pods-GRichLabelExampleUITests-frameworks.sh\"\n";
			showEnvVarsInLog = 0;
		};
		3622554A0A19AFCEBCA81D92 /* [CP] Copy Pods Resources */ = {
			isa = PBXShellScriptBuildPhase;
			buildActionMask = 2147483647;
			files = (
			);
			inputPaths = (
			);
			name = "[CP] Copy Pods Resources";
			outputPaths = (
			);
			runOnlyForDeploymentPostprocessing = 0;
			shellPath = /bin/sh;
			shellScript = "\"${SRCROOT}/Pods/Target Support Files/Pods-GRichLabelExampleTests/Pods-GRichLabelExampleTests-resources.sh\"\n";
			showEnvVarsInLog = 0;
		};
		621A407F7E8BE51DF5B62B3C /* [CP] Copy Pods Resources */ = {
			isa = PBXShellScriptBuildPhase;
			buildActionMask = 2147483647;
			files = (
			);
			inputPaths = (
			);
			name = "[CP] Copy Pods Resources";
			outputPaths = (
			);
			runOnlyForDeploymentPostprocessing = 0;
			shellPath = /bin/sh;
			shellScript = "\"${SRCROOT}/Pods/Target Support Files/Pods-GRichLabelExample/Pods-GRichLabelExample-resources.sh\"\n";
			showEnvVarsInLog = 0;
		};
		68C53C872E3A13F68CA70ADB /* [CP] Check Pods Manifest.lock */ = {
			isa = PBXShellScriptBuildPhase;
			buildActionMask = 2147483647;
			files = (
			);
			inputPaths = (
			);
			name = "[CP] Check Pods Manifest.lock";
			outputPaths = (
			);
			runOnlyForDeploymentPostprocessing = 0;
			shellPath = /bin/sh;
			shellScript = "diff \"${PODS_PODFILE_DIR_PATH}/Podfile.lock\" \"${PODS_ROOT}/Manifest.lock\" > /dev/null\nif [ $? != 0 ] ; then\n    # print error to STDERR\n    echo \"error: The sandbox is not in sync with the Podfile.lock. Run 'pod install' or update your CocoaPods installation.\" >&2\n    exit 1\nfi\n";
			showEnvVarsInLog = 0;
		};
		A2E31B6FAE2CD1B58D4143FB /* [CP] Embed Pods Frameworks */ = {
			isa = PBXShellScriptBuildPhase;
			buildActionMask = 2147483647;
			files = (
			);
			inputPaths = (
			);
			name = "[CP] Embed Pods Frameworks";
			outputPaths = (
			);
			runOnlyForDeploymentPostprocessing = 0;
			shellPath = /bin/sh;
			shellScript = "\"${SRCROOT}/Pods/Target Support Files/Pods-GRichLabelExample/Pods-GRichLabelExample-frameworks.sh\"\n";
			showEnvVarsInLog = 0;
		};
		AC0F042AF2EF6CB4F548DF96 /* [CP] Check Pods Manifest.lock */ = {
			isa = PBXShellScriptBuildPhase;
			buildActionMask = 2147483647;
			files = (
			);
			inputPaths = (
			);
			name = "[CP] Check Pods Manifest.lock";
			outputPaths = (
			);
			runOnlyForDeploymentPostprocessing = 0;
			shellPath = /bin/sh;
			shellScript = "diff \"${PODS_PODFILE_DIR_PATH}/Podfile.lock\" \"${PODS_ROOT}/Manifest.lock\" > /dev/null\nif [ $? != 0 ] ; then\n    # print error to STDERR\n    echo \"error: The sandbox is not in sync with the Podfile.lock. Run 'pod install' or update your CocoaPods installation.\" >&2\n    exit 1\nfi\n";
			showEnvVarsInLog = 0;
		};
		B591D28EA5DD278086DE46B6 /* [CP] Embed Pods Frameworks */ = {
			isa = PBXShellScriptBuildPhase;
			buildActionMask = 2147483647;
			files = (
			);
			inputPaths = (
			);
			name = "[CP] Embed Pods Frameworks";
			outputPaths = (
			);
			runOnlyForDeploymentPostprocessing = 0;
			shellPath = /bin/sh;
			shellScript = "\"${SRCROOT}/Pods/Target Support Files/Pods-GRichLabelExampleTests/Pods-GRichLabelExampleTests-frameworks.sh\"\n";
			showEnvVarsInLog = 0;
		};
		CA6C427B40CE9ADE36162D90 /* [CP] Copy Pods Resources */ = {
			isa = PBXShellScriptBuildPhase;
			buildActionMask = 2147483647;
			files = (
			);
			inputPaths = (
			);
			name = "[CP] Copy Pods Resources";
			outputPaths = (
			);
			runOnlyForDeploymentPostprocessing = 0;
			shellPath = /bin/sh;
			shellScript = "\"${SRCROOT}/Pods/Target Support Files/Pods-GRichLabelExampleUITests/Pods-GRichLabelExampleUITests-resources.sh\"\n";
			showEnvVarsInLog = 0;
		};
		E4AA4C32F3CD5E351421A9C7 /* [CP] Check Pods Manifest.lock */ = {
			isa = PBXShellScriptBuildPhase;
			buildActionMask = 2147483647;
			files = (
			);
			inputPaths = (
			);
			name = "[CP] Check Pods Manifest.lock";
			outputPaths = (
			);
			runOnlyForDeploymentPostprocessing = 0;
			shellPath = /bin/sh;
			shellScript = "diff \"${PODS_PODFILE_DIR_PATH}/Podfile.lock\" \"${PODS_ROOT}/Manifest.lock\" > /dev/null\nif [ $? != 0 ] ; then\n    # print error to STDERR\n    echo \"error: The sandbox is not in sync with the Podfile.lock. Run 'pod install' or update your CocoaPods installation.\" >&2\n    exit 1\nfi\n";
			showEnvVarsInLog = 0;
		};
/* End PBXShellScriptBuildPhase section */

/* Begin PBXSourcesBuildPhase section */
		2B58E5641F61548F00505193 /* Sources */ = {
			isa = PBXSourcesBuildPhase;
			buildActionMask = 2147483647;
			files = (
				2B62BC791FB19E7800F611CC /* DemoTextMenuConfig.m in Sources */,
				2B6383C31F73E8F4001FF876 /* GAttributedStringFactory.h in Sources */,
				2BDCBFB02088AB3E000055FE /* GACMatcherProcessor.m in Sources */,
				2B6383C41F73E8F4001FF876 /* GAttributedStringFactory.m in Sources */,
				2B6383C51F73E8F4001FF876 /* GAttributedConfiguration.h in Sources */,
				2B6383C61F73E8F4001FF876 /* GAttributedConfiguration.m in Sources */,
				2BDCBFB52088AB3E000055FE /* GThreadSafeDictionary.m in Sources */,
				2BEE6C9D1FA7023300547BE5 /* NSMutableAttributedString+GRichLabel.m in Sources */,
				2B6383C71F73E8F4001FF876 /* GAttributedToken.h in Sources */,
				2B6383C81F73E8F4001FF876 /* GAttributedToken.m in Sources */,
				2B6383C91F73E8F4001FF876 /* GDrawTextBuilder.h in Sources */,
				2B6383CA1F73E8F4001FF876 /* GDrawTextBuilder.m in Sources */,
				2B6383CB1F73E8F4001FF876 /* GEmojiConfigManager.h in Sources */,
				2B6383CC1F73E8F4001FF876 /* GEmojiConfigManager.m in Sources */,
				2B9F6F701FA5E4380094FC6E /* NSAttributedString+GRichLabel.m in Sources */,
				2BDCBFB22088AB3E000055FE /* GRegexMatcherProcessor.m in Sources */,
				2B6383CD1F73E8F4001FF876 /* GTokenAppearance.h in Sources */,
				2B6383CE1F73E8F4001FF876 /* GTokenAppearance.m in Sources */,
				2B6383D11F73E8F4001FF876 /* GRichLabel.h in Sources */,
				2B6383D21F73E8F4001FF876 /* GRichLabel.m in Sources */,
				2B6383D31F73E8F4001FF876 /* GCursor.h in Sources */,
				2B6383D41F73E8F4001FF876 /* GCursor.m in Sources */,
				2B6383D51F73E8F4001FF876 /* GEmojiRunDelegate.h in Sources */,
				2B6383D61F73E8F4001FF876 /* GEmojiRunDelegate.m in Sources */,
				2B6383D71F73E8F4001FF876 /* GLineLayout.h in Sources */,
				2B6383D81F73E8F4001FF876 /* GLineLayout.m in Sources */,
				2BC22E151F7BB36000A46E47 /* GTextMenuConfiguration.m in Sources */,
				2BDCBFB32088AB3E000055FE /* GThreadSafeArray.m in Sources */,
				2B6383D91F73E8F4001FF876 /* GMagnifiter.h in Sources */,
				2BC22DBE1F7B4C3A00A46E47 /* novelReadViewController.m in Sources */,
				2B6383DA1F73E8F4001FF876 /* GMagnifiter.m in Sources */,
				2B6383DB1F73E8F4001FF876 /* GMagnifiterWindow.h in Sources */,
				2B6383DC1F73E8F4001FF876 /* GMagnifiterWindow.m in Sources */,
				2B6383DD1F73E8F4001FF876 /* GSelectionView.h in Sources */,
				2B6383DE1F73E8F4001FF876 /* GSelectionView.m in Sources */,
				2B6383DF1F73E8F4001FF876 /* GTextUtils.h in Sources */,
				2B6383E01F73E8F4001FF876 /* GTextUtils.m in Sources */,
				2BDCBFB12088AB3E000055FE /* GKMPMatcherProcessor.m in Sources */,
				2B9F6F6D1FA5E41F0094FC6E /* NSParagraphStyle+GRichLabel.m in Sources */,
				2B6383E11F73E8F4001FF876 /* UIView+GText.h in Sources */,
				2B6383E21F73E8F4001FF876 /* UIView+GText.m in Sources */,
				2B58E5731F61548F00505193 /* ViewController.m in Sources */,
				2B58E5701F61548F00505193 /* AppDelegate.m in Sources */,
				2BDCBFB62088AB3E000055FE /* GMatcherExpression.m in Sources */,
				2BDCBFB42088AB3E000055FE /* GMatcherResult.m in Sources */,
				2B58E5DD1F6157DA00505193 /* LabelViewController.m in Sources */,
				2B58E56D1F61548F00505193 /* main.m in Sources */,
			);
			runOnlyForDeploymentPostprocessing = 0;
		};
		2B58E57D1F61548F00505193 /* Sources */ = {
			isa = PBXSourcesBuildPhase;
			buildActionMask = 2147483647;
			files = (
				2B58E5861F61548F00505193 /* GRichLabelExampleTests.m in Sources */,
			);
			runOnlyForDeploymentPostprocessing = 0;
		};
		2B58E5881F61548F00505193 /* Sources */ = {
			isa = PBXSourcesBuildPhase;
			buildActionMask = 2147483647;
			files = (
				2B58E5911F61548F00505193 /* GRichLabelExampleUITests.m in Sources */,
			);
			runOnlyForDeploymentPostprocessing = 0;
		};
/* End PBXSourcesBuildPhase section */

/* Begin PBXTargetDependency section */
		2B58E5831F61548F00505193 /* PBXTargetDependency */ = {
			isa = PBXTargetDependency;
			target = 2B58E5671F61548F00505193 /* GRichLabelExample */;
			targetProxy = 2B58E5821F61548F00505193 /* PBXContainerItemProxy */;
		};
		2B58E58E1F61548F00505193 /* PBXTargetDependency */ = {
			isa = PBXTargetDependency;
			target = 2B58E5671F61548F00505193 /* GRichLabelExample */;
			targetProxy = 2B58E58D1F61548F00505193 /* PBXContainerItemProxy */;
		};
/* End PBXTargetDependency section */

/* Begin PBXVariantGroup section */
		2B58E5741F61548F00505193 /* Main.storyboard */ = {
			isa = PBXVariantGroup;
			children = (
				2B58E5751F61548F00505193 /* Base */,
			);
			name = Main.storyboard;
			sourceTree = "<group>";
		};
		2B58E5791F61548F00505193 /* LaunchScreen.storyboard */ = {
			isa = PBXVariantGroup;
			children = (
				2B58E57A1F61548F00505193 /* Base */,
			);
			name = LaunchScreen.storyboard;
			sourceTree = "<group>";
		};
/* End PBXVariantGroup section */

/* Begin XCBuildConfiguration section */
		2B58E5931F61548F00505193 /* Debug */ = {
			isa = XCBuildConfiguration;
			buildSettings = {
				ALWAYS_SEARCH_USER_PATHS = NO;
				CLANG_ANALYZER_NONNULL = YES;
				CLANG_ANALYZER_NUMBER_OBJECT_CONVERSION = YES_AGGRESSIVE;
				CLANG_CXX_LANGUAGE_STANDARD = "gnu++0x";
				CLANG_CXX_LIBRARY = "libc++";
				CLANG_ENABLE_MODULES = YES;
				CLANG_ENABLE_OBJC_ARC = YES;
				CLANG_WARN_BOOL_CONVERSION = YES;
				CLANG_WARN_CONSTANT_CONVERSION = YES;
				CLANG_WARN_DIRECT_OBJC_ISA_USAGE = YES_ERROR;
				CLANG_WARN_DOCUMENTATION_COMMENTS = YES;
				CLANG_WARN_EMPTY_BODY = YES;
				CLANG_WARN_ENUM_CONVERSION = YES;
				CLANG_WARN_INFINITE_RECURSION = YES;
				CLANG_WARN_INT_CONVERSION = YES;
				CLANG_WARN_OBJC_ROOT_CLASS = YES_ERROR;
				CLANG_WARN_SUSPICIOUS_MOVE = YES;
				CLANG_WARN_UNREACHABLE_CODE = YES;
				CLANG_WARN__DUPLICATE_METHOD_MATCH = YES;
				"CODE_SIGN_IDENTITY[sdk=iphoneos*]" = "iPhone Developer";
				COPY_PHASE_STRIP = NO;
				DEBUG_INFORMATION_FORMAT = dwarf;
				ENABLE_STRICT_OBJC_MSGSEND = YES;
				ENABLE_TESTABILITY = YES;
				GCC_C_LANGUAGE_STANDARD = gnu99;
				GCC_DYNAMIC_NO_PIC = NO;
				GCC_NO_COMMON_BLOCKS = YES;
				GCC_OPTIMIZATION_LEVEL = 0;
				GCC_PREPROCESSOR_DEFINITIONS = (
					"DEBUG=1",
					"$(inherited)",
				);
				GCC_WARN_64_TO_32_BIT_CONVERSION = YES;
				GCC_WARN_ABOUT_RETURN_TYPE = YES_ERROR;
				GCC_WARN_UNDECLARED_SELECTOR = YES;
				GCC_WARN_UNINITIALIZED_AUTOS = YES_AGGRESSIVE;
				GCC_WARN_UNUSED_FUNCTION = YES;
				GCC_WARN_UNUSED_VARIABLE = YES;
				IPHONEOS_DEPLOYMENT_TARGET = 10.3;
				MTL_ENABLE_DEBUG_INFO = YES;
				ONLY_ACTIVE_ARCH = YES;
				SDKROOT = iphoneos;
				TARGETED_DEVICE_FAMILY = "1,2";
			};
			name = Debug;
		};
		2B58E5941F61548F00505193 /* Release */ = {
			isa = XCBuildConfiguration;
			buildSettings = {
				ALWAYS_SEARCH_USER_PATHS = NO;
				CLANG_ANALYZER_NONNULL = YES;
				CLANG_ANALYZER_NUMBER_OBJECT_CONVERSION = YES_AGGRESSIVE;
				CLANG_CXX_LANGUAGE_STANDARD = "gnu++0x";
				CLANG_CXX_LIBRARY = "libc++";
				CLANG_ENABLE_MODULES = YES;
				CLANG_ENABLE_OBJC_ARC = YES;
				CLANG_WARN_BOOL_CONVERSION = YES;
				CLANG_WARN_CONSTANT_CONVERSION = YES;
				CLANG_WARN_DIRECT_OBJC_ISA_USAGE = YES_ERROR;
				CLANG_WARN_DOCUMENTATION_COMMENTS = YES;
				CLANG_WARN_EMPTY_BODY = YES;
				CLANG_WARN_ENUM_CONVERSION = YES;
				CLANG_WARN_INFINITE_RECURSION = YES;
				CLANG_WARN_INT_CONVERSION = YES;
				CLANG_WARN_OBJC_ROOT_CLASS = YES_ERROR;
				CLANG_WARN_SUSPICIOUS_MOVE = YES;
				CLANG_WARN_UNREACHABLE_CODE = YES;
				CLANG_WARN__DUPLICATE_METHOD_MATCH = YES;
				"CODE_SIGN_IDENTITY[sdk=iphoneos*]" = "iPhone Developer";
				COPY_PHASE_STRIP = NO;
				DEBUG_INFORMATION_FORMAT = "dwarf-with-dsym";
				ENABLE_NS_ASSERTIONS = NO;
				ENABLE_STRICT_OBJC_MSGSEND = YES;
				GCC_C_LANGUAGE_STANDARD = gnu99;
				GCC_NO_COMMON_BLOCKS = YES;
				GCC_WARN_64_TO_32_BIT_CONVERSION = YES;
				GCC_WARN_ABOUT_RETURN_TYPE = YES_ERROR;
				GCC_WARN_UNDECLARED_SELECTOR = YES;
				GCC_WARN_UNINITIALIZED_AUTOS = YES_AGGRESSIVE;
				GCC_WARN_UNUSED_FUNCTION = YES;
				GCC_WARN_UNUSED_VARIABLE = YES;
				IPHONEOS_DEPLOYMENT_TARGET = 10.3;
				MTL_ENABLE_DEBUG_INFO = NO;
				SDKROOT = iphoneos;
				TARGETED_DEVICE_FAMILY = "1,2";
				VALIDATE_PRODUCT = YES;
			};
			name = Release;
		};
		2B58E5961F61548F00505193 /* Debug */ = {
			isa = XCBuildConfiguration;
			baseConfigurationReference = C2BF400BE1D9302992C730A2 /* Pods-GRichLabelExample.debug.xcconfig */;
			buildSettings = {
				ASSETCATALOG_COMPILER_APPICON_NAME = AppIcon;
				DEVELOPMENT_TEAM = RCF9CM736N;
				INFOPLIST_FILE = GRichLabelExample/Info.plist;
				IPHONEOS_DEPLOYMENT_TARGET = 8.0;
				LD_RUNPATH_SEARCH_PATHS = "$(inherited) @executable_path/Frameworks";
				PRODUCT_BUNDLE_IDENTIFIER = GIKI.GRichLabelExample;
				PRODUCT_NAME = "$(TARGET_NAME)";
			};
			name = Debug;
		};
		2B58E5971F61548F00505193 /* Release */ = {
			isa = XCBuildConfiguration;
			baseConfigurationReference = D504E9C9F1C68C2795CEF8B6 /* Pods-GRichLabelExample.release.xcconfig */;
			buildSettings = {
				ASSETCATALOG_COMPILER_APPICON_NAME = AppIcon;
				DEVELOPMENT_TEAM = RCF9CM736N;
				INFOPLIST_FILE = GRichLabelExample/Info.plist;
				IPHONEOS_DEPLOYMENT_TARGET = 8.0;
				LD_RUNPATH_SEARCH_PATHS = "$(inherited) @executable_path/Frameworks";
				PRODUCT_BUNDLE_IDENTIFIER = GIKI.GRichLabelExample;
				PRODUCT_NAME = "$(TARGET_NAME)";
			};
			name = Release;
		};
		2B58E5991F61548F00505193 /* Debug */ = {
			isa = XCBuildConfiguration;
			baseConfigurationReference = 3A0B6E473B29FCC3C9870A29 /* Pods-GRichLabelExampleTests.debug.xcconfig */;
			buildSettings = {
				BUNDLE_LOADER = "$(TEST_HOST)";
				DEVELOPMENT_TEAM = RCF9CM736N;
				INFOPLIST_FILE = GRichLabelExampleTests/Info.plist;
				LD_RUNPATH_SEARCH_PATHS = "$(inherited) @executable_path/Frameworks @loader_path/Frameworks";
				PRODUCT_BUNDLE_IDENTIFIER = GIKI.GRichLabelExampleTests;
				PRODUCT_NAME = "$(TARGET_NAME)";
				TEST_HOST = "$(BUILT_PRODUCTS_DIR)/GRichLabelExample.app/GRichLabelExample";
			};
			name = Debug;
		};
		2B58E59A1F61548F00505193 /* Release */ = {
			isa = XCBuildConfiguration;
			baseConfigurationReference = 96C0C7A7823F689DFA6489B4 /* Pods-GRichLabelExampleTests.release.xcconfig */;
			buildSettings = {
				BUNDLE_LOADER = "$(TEST_HOST)";
				DEVELOPMENT_TEAM = RCF9CM736N;
				INFOPLIST_FILE = GRichLabelExampleTests/Info.plist;
				LD_RUNPATH_SEARCH_PATHS = "$(inherited) @executable_path/Frameworks @loader_path/Frameworks";
				PRODUCT_BUNDLE_IDENTIFIER = GIKI.GRichLabelExampleTests;
				PRODUCT_NAME = "$(TARGET_NAME)";
				TEST_HOST = "$(BUILT_PRODUCTS_DIR)/GRichLabelExample.app/GRichLabelExample";
			};
			name = Release;
		};
		2B58E59C1F61548F00505193 /* Debug */ = {
			isa = XCBuildConfiguration;
			baseConfigurationReference = 881CBDAFD47176B7D16BD915 /* Pods-GRichLabelExampleUITests.debug.xcconfig */;
			buildSettings = {
				DEVELOPMENT_TEAM = RCF9CM736N;
				INFOPLIST_FILE = GRichLabelExampleUITests/Info.plist;
				LD_RUNPATH_SEARCH_PATHS = "$(inherited) @executable_path/Frameworks @loader_path/Frameworks";
				PRODUCT_BUNDLE_IDENTIFIER = GIKI.GRichLabelExampleUITests;
				PRODUCT_NAME = "$(TARGET_NAME)";
				TEST_TARGET_NAME = GRichLabelExample;
			};
			name = Debug;
		};
		2B58E59D1F61548F00505193 /* Release */ = {
			isa = XCBuildConfiguration;
			baseConfigurationReference = 382900EE4BFFDC7419BC00A4 /* Pods-GRichLabelExampleUITests.release.xcconfig */;
			buildSettings = {
				DEVELOPMENT_TEAM = RCF9CM736N;
				INFOPLIST_FILE = GRichLabelExampleUITests/Info.plist;
				LD_RUNPATH_SEARCH_PATHS = "$(inherited) @executable_path/Frameworks @loader_path/Frameworks";
				PRODUCT_BUNDLE_IDENTIFIER = GIKI.GRichLabelExampleUITests;
				PRODUCT_NAME = "$(TARGET_NAME)";
				TEST_TARGET_NAME = GRichLabelExample;
			};
			name = Release;
		};
/* End XCBuildConfiguration section */

/* Begin XCConfigurationList section */
		2B58E5631F61548F00505193 /* Build configuration list for PBXProject "GRichLabelExample" */ = {
			isa = XCConfigurationList;
			buildConfigurations = (
				2B58E5931F61548F00505193 /* Debug */,
				2B58E5941F61548F00505193 /* Release */,
			);
			defaultConfigurationIsVisible = 0;
			defaultConfigurationName = Release;
		};
		2B58E5951F61548F00505193 /* Build configuration list for PBXNativeTarget "GRichLabelExample" */ = {
			isa = XCConfigurationList;
			buildConfigurations = (
				2B58E5961F61548F00505193 /* Debug */,
				2B58E5971F61548F00505193 /* Release */,
			);
			defaultConfigurationIsVisible = 0;
			defaultConfigurationName = Release;
		};
		2B58E5981F61548F00505193 /* Build configuration list for PBXNativeTarget "GRichLabelExampleTests" */ = {
			isa = XCConfigurationList;
			buildConfigurations = (
				2B58E5991F61548F00505193 /* Debug */,
				2B58E59A1F61548F00505193 /* Release */,
			);
			defaultConfigurationIsVisible = 0;
			defaultConfigurationName = Release;
		};
		2B58E59B1F61548F00505193 /* Build configuration list for PBXNativeTarget "GRichLabelExampleUITests" */ = {
			isa = XCConfigurationList;
			buildConfigurations = (
				2B58E59C1F61548F00505193 /* Debug */,
				2B58E59D1F61548F00505193 /* Release */,
			);
			defaultConfigurationIsVisible = 0;
			defaultConfigurationName = Release;
		};
/* End XCConfigurationList section */
	};
	rootObject = 2B58E5601F61548F00505193 /* Project object */;
}
